
Microsoft Visual Studio Solution File, Format Version 12.00
# Visual Studio Version 17
VisualStudioVersion = 17.14.37012.4
MinimumVisualStudioVersion = 10.0.40219.1
Project("{2150E333-8FDC-42A3-9474-1A3956D46DE8}") = "01_Core", "01_Core", "{02EA681E-C7D8-13C7-8484-4AC65E1B71E8}"
EndProject
Project("{2150E333-8FDC-42A3-9474-1A3956D46DE8}") = "02_Services", "02_Services", "{A827F9FD-65DC-4C53-9923-1185C3E187A1}"
EndProject
Project("{2150E333-8FDC-42A3-9474-1A3956D46DE8}") = "Identity", "Identity", "{674D55C6-6234-4DA1-B5FF-9C5BC89679F8}"
EndProject
Project("{2150E333-8FDC-42A3-9474-1A3956D46DE8}") = "Job", "Job", "{42E45F7C-03E2-4F3B-9BB5-20E8F9F62B37}"
EndProject
Project("{2150E333-8FDC-42A3-9474-1A3956D46DE8}") = "Management", "Management", "{09282FA2-084E-4AE0-8704-932900B2689D}"
EndProject
Project("{2150E333-8FDC-42A3-9474-1A3956D46DE8}") = "Matching", "Matching", "{0916093C-F09A-462F-9C3A-573C31C19F26}"
EndProject
Project("{FAE04EC0-301F-11D3-BF4B-00C04F79EFBC}") = "ProxiJob.Shared.Contract", "common\ProxiJob.Shared.Contract\ProxiJob.Shared.Contract.csproj", "{96D1D4A2-5DFA-C7D0-B23F-6DE086FB2351}"
EndProject
Project("{FAE04EC0-301F-11D3-BF4B-00C04F79EFBC}") = "ProxiJob.Shared.Kernel", "common\ProxiJob.Shared.Kernel\ProxiJob.Shared.Kernel.csproj", "{88324564-D12D-FD8B-1A87-2A8A63153929}"
EndProject
Project("{FAE04EC0-301F-11D3-BF4B-00C04F79EFBC}") = "ProxiJob.Identity.API", "src\Identity\ProxiJob.Identity.API\ProxiJob.Identity.API.csproj", "{33FF197F-74A6-511F-A641-905040EBE6AC}"
EndProject
Project("{FAE04EC0-301F-11D3-BF4B-00C04F79EFBC}") = "ProxiJob.Identity.Application", "src\Identity\ProxiJob.Identity.Application\ProxiJob.Identity.Application.csproj", "{C8A7F096-BA13-CDF7-299F-8F4079CF4C3E}"
EndProject
Project("{FAE04EC0-301F-11D3-BF4B-00C04F79EFBC}") = "ProxiJob.Identity.Domain", "src\Identity\ProxiJob.Identity.Domain\ProxiJob.Identity.Domain.csproj", "{3AFBECF8-2187-890D-56D7-98C2CCDE90EB}"
EndProject
Project("{FAE04EC0-301F-11D3-BF4B-00C04F79EFBC}") = "ProxiJob.Identity.Infrastructure", "src\Identity\ProxiJob.Identity.Infrastructure\ProxiJob.Identity.Infrastructure.csproj", "{75663FD1-53E3-9645-AA3B-582819121736}"
EndProject
Project("{FAE04EC0-301F-11D3-BF4B-00C04F79EFBC}") = "ProxiJob.Job.API", "src\Job\ProxiJob.Job.API\ProxiJob.Job.API.csproj", "{506D11C3-E7BB-369B-A13F-74E162196543}"
EndProject
Project("{FAE04EC0-301F-11D3-BF4B-00C04F79EFBC}") = "ProxiJob.Job.Application", "src\Job\ProxiJob.Job.Application\ProxiJob.Job.Application.csproj", "{63C37470-166A-4F5E-CE33-6084F01BD5F0}"
EndProject
Project("{FAE04EC0-301F-11D3-BF4B-00C04F79EFBC}") = "ProxiJob.Job.Domain", "src\Job\ProxiJob.Job.Domain\ProxiJob.Job.Domain.csproj", "{6FE3001A-7958-7D28-1DA8-BEBC33665332}"
EndProject
Project("{FAE04EC0-301F-11D3-BF4B-00C04F79EFBC}") = "ProxiJob.Job.Infrastructure", "src\Job\ProxiJob.Job.Infrastructure\ProxiJob.Job.Infrastructure.csproj", "{C7F110EE-553F-03D4-B651-260D6FDADD66}"
EndProject
Project("{FAE04EC0-301F-11D3-BF4B-00C04F79EFBC}") = "ProxiJob.Management.API", "src\Management\ProxiJob.Management.API\ProxiJob.Management.API.csproj", "{3871E00B-BF77-0297-BBCC-49843B2AFC90}"
EndProject
Project("{FAE04EC0-301F-11D3-BF4B-00C04F79EFBC}") = "ProxiJob.Management.Application", "src\Management\ProxiJob.Management.Application\ProxiJob.Management.Application.csproj", "{B5D17336-2804-1ADE-19D7-E413C0C4C6EA}"
EndProject
Project("{FAE04EC0-301F-11D3-BF4B-00C04F79EFBC}") = "ProxiJob.Management.Domain", "src\Management\ProxiJob.Management.Domain\ProxiJob.Management.Domain.csproj", "{C90C2355-5D43-5628-28AC-11C30417B216}"
EndProject
Project("{FAE04EC0-301F-11D3-BF4B-00C04F79EFBC}") = "ProxiJob.Management.Infrastructure", "src\Management\ProxiJob.Management.Infrastructure\ProxiJob.Management.Infrastructure.csproj", "{09425FA2-8367-519B-36C2-0D1544F88A05}"
EndProject
Project("{FAE04EC0-301F-11D3-BF4B-00C04F79EFBC}") = "ProxiJob.Matching.API", "src\Matching\ProxiJob.Matching.API\ProxiJob.Matching.API.csproj", "{1CD30F03-78BA-CCF8-F637-4E2068D0F90C}"
EndProject
Project("{FAE04EC0-301F-11D3-BF4B-00C04F79EFBC}") = "ProxiJob.Matching.Application", "src\Matching\ProxiJob.Matching.Application\ProxiJob.Matching.Application.csproj", "{135FFC1A-1087-FAF7-64EE-CD9F03219232}"
EndProject
Project("{FAE04EC0-301F-11D3-BF4B-00C04F79EFBC}") = "ProxiJob.Matching.Domain", "src\Matching\ProxiJob.Matching.Domain\ProxiJob.Matching.Domain.csproj", "{21010CC3-E9EA-8934-140B-697D086014E3}"
EndProject
Project("{FAE04EC0-301F-11D3-BF4B-00C04F79EFBC}") = "ProxiJob.Matching.Infrastructure", "src\Matching\ProxiJob.Matching.Infrastructure\ProxiJob.Matching.Infrastructure.csproj", "{D5F49128-CD14-01BC-C2F2-F3E03A772C52}"
EndProject
Global
	GlobalSection(SolutionConfigurationPlatforms) = preSolution
		Debug|Any CPU = Debug|Any CPU
		Release|Any CPU = Release|Any CPU
	EndGlobalSection
	GlobalSection(ProjectConfigurationPlatforms) = postSolution
		{96D1D4A2-5DFA-C7D0-B23F-6DE086FB2351}.Debug|Any CPU.ActiveCfg = Debug|Any CPU
		{96D1D4A2-5DFA-C7D0-B23F-6DE086FB2351}.Debug|Any CPU.Build.0 = Debug|Any CPU
		{96D1D4A2-5DFA-C7D0-B23F-6DE086FB2351}.Release|Any CPU.ActiveCfg = Release|Any CPU
		{96D1D4A2-5DFA-C7D0-B23F-6DE086FB2351}.Release|Any CPU.Build.0 = Release|Any CPU
		{88324564-D12D-FD8B-1A87-2A8A63153929}.Debug|Any CPU.ActiveCfg = Debug|Any CPU
		{88324564-D12D-FD8B-1A87-2A8A63153929}.Debug|Any CPU.Build.0 = Debug|Any CPU
		{88324564-D12D-FD8B-1A87-2A8A63153929}.Release|Any CPU.ActiveCfg = Release|Any CPU
		{88324564-D12D-FD8B-1A87-2A8A63153929}.Release|Any CPU.Build.0 = Release|Any CPU
		{33FF197F-74A6-511F-A641-905040EBE6AC}.Debug|Any CPU.ActiveCfg = Debug|Any CPU
		{33FF197F-74A6-511F-A641-905040EBE6AC}.Debug|Any CPU.Build.0 = Debug|Any CPU
		{33FF197F-74A6-511F-A641-905040EBE6AC}.Release|Any CPU.ActiveCfg = Release|Any CPU
		{33FF197F-74A6-511F-A641-905040EBE6AC}.Release|Any CPU.Build.0 = Release|Any CPU
		{C8A7F096-BA13-CDF7-299F-8F4079CF4C3E}.Debug|Any CPU.ActiveCfg = Debug|Any CPU
		{C8A7F096-BA13-CDF7-299F-8F4079CF4C3E}.Debug|Any CPU.Build.0 = Debug|Any CPU
		{C8A7F096-BA13-CDF7-299F-8F4079CF4C3E}.Release|Any CPU.ActiveCfg = Release|Any CPU
		{C8A7F096-BA13-CDF7-299F-8F4079CF4C3E}.Release|Any CPU.Build.0 = Release|Any CPU
		{3AFBECF8-2187-890D-56D7-98C2CCDE90EB}.Debug|Any CPU.ActiveCfg = Debug|Any CPU
		{3AFBECF8-2187-890D-56D7-98C2CCDE90EB}.Debug|Any CPU.Build.0 = Debug|Any CPU
		{3AFBECF8-2187-890D-56D7-98C2CCDE90EB}.Release|Any CPU.ActiveCfg = Release|Any CPU
		{3AFBECF8-2187-890D-56D7-98C2CCDE90EB}.Release|Any CPU.Build.0 = Release|Any CPU
		{75663FD1-53E3-9645-AA3B-582819121736}.Debug|Any CPU.ActiveCfg = Debug|Any CPU
		{75663FD1-53E3-9645-AA3B-582819121736}.Debug|Any CPU.Build.0 = Debug|Any CPU
		{75663FD1-53E3-9645-AA3B-582819121736}.Release|Any CPU.ActiveCfg = Release|Any CPU
		{75663FD1-53E3-9645-AA3B-582819121736}.Release|Any CPU.Build.0 = Release|Any CPU
		{506D11C3-E7BB-369B-A13F-74E162196543}.Debug|Any CPU.ActiveCfg = Debug|Any CPU
		{506D11C3-E7BB-369B-A13F-74E162196543}.Debug|Any CPU.Build.0 = Debug|Any CPU
		{506D11C3-E7BB-369B-A13F-74E162196543}.Release|Any CPU.ActiveCfg = Release|Any CPU
		{506D11C3-E7BB-369B-A13F-74E162196543}.Release|Any CPU.Build.0 = Release|Any CPU
		{63C37470-166A-4F5E-CE33-6084F01BD5F0}.Debug|Any CPU.ActiveCfg = Debug|Any CPU
		{63C37470-166A-4F5E-CE33-6084F01BD5F0}.Debug|Any CPU.Build.0 = Debug|Any CPU
		{63C37470-166A-4F5E-CE33-6084F01BD5F0}.Release|Any CPU.ActiveCfg = Release|Any CPU
		{63C37470-166A-4F5E-CE33-6084F01BD5F0}.Release|Any CPU.Build.0 = Release|Any CPU
		{6FE3001A-7958-7D28-1DA8-BEBC33665332}.Debug|Any CPU.ActiveCfg = Debug|Any CPU
		{6FE3001A-7958-7D28-1DA8-BEBC33665332}.Debug|Any CPU.Build.0 = Debug|Any CPU
		{6FE3001A-7958-7D28-1DA8-BEBC33665332}.Release|Any CPU.ActiveCfg = Release|Any CPU
		{6FE3001A-7958-7D28-1DA8-BEBC33665332}.Release|Any CPU.Build.0 = Release|Any CPU
		{C7F110EE-553F-03D4-B651-260D6FDADD66}.Debug|Any CPU.ActiveCfg = Debug|Any CPU
		{C7F110EE-553F-03D4-B651-260D6FDADD66}.Debug|Any CPU.Build.0 = Debug|Any CPU
		{C7F110EE-553F-03D4-B651-260D6FDADD66}.Release|Any CPU.ActiveCfg = Release|Any CPU
		{C7F110EE-553F-03D4-B651-260D6FDADD66}.Release|Any CPU.Build.0 = Release|Any CPU
		{3871E00B-BF77-0297-BBCC-49843B2AFC90}.Debug|Any CPU.ActiveCfg = Debug|Any CPU
		{3871E00B-BF77-0297-BBCC-49843B2AFC90}.Debug|Any CPU.Build.0 = Debug|Any CPU
		{3871E00B-BF77-0297-BBCC-49843B2AFC90}.Release|Any CPU.ActiveCfg = Release|Any CPU
		{3871E00B-BF77-0297-BBCC-49843B2AFC90}.Release|Any CPU.Build.0 = Release|Any CPU
		{B5D17336-2804-1ADE-19D7-E413C0C4C6EA}.Debug|Any CPU.ActiveCfg = Debug|Any CPU
		{B5D17336-2804-1ADE-19D7-E413C0C4C6EA}.Debug|Any CPU.Build.0 = Debug|Any CPU
		{B5D17336-2804-1ADE-19D7-E413C0C4C6EA}.Release|Any CPU.ActiveCfg = Release|Any CPU
		{B5D17336-2804-1ADE-19D7-E413C0C4C6EA}.Release|Any CPU.Build.0 = Release|Any CPU
		{C90C2355-5D43-5628-28AC-11C30417B216}.Debug|Any CPU.ActiveCfg = Debug|Any CPU
		{C90C2355-5D43-5628-28AC-11C30417B216}.Debug|Any CPU.Build.0 = Debug|Any CPU
		{C90C2355-5D43-5628-28AC-11C30417B216}.Release|Any CPU.ActiveCfg = Release|Any CPU
		{C90C2355-5D43-5628-28AC-11C30417B216}.Release|Any CPU.Build.0 = Release|Any CPU
		{09425FA2-8367-519B-36C2-0D1544F88A05}.Debug|Any CPU.ActiveCfg = Debug|Any CPU
		{09425FA2-8367-519B-36C2-0D1544F88A05}.Debug|Any CPU.Build.0 = Debug|Any CPU
		{09425FA2-8367-519B-36C2-0D1544F88A05}.Release|Any CPU.ActiveCfg = Release|Any CPU
		{09425FA2-8367-519B-36C2-0D1544F88A05}.Release|Any CPU.Build.0 = Release|Any CPU
		{1CD30F03-78BA-CCF8-F637-4E2068D0F90C}.Debug|Any CPU.ActiveCfg = Debug|Any CPU
		{1CD30F03-78BA-CCF8-F637-4E2068D0F90C}.Debug|Any CPU.Build.0 = Debug|Any CPU
		{1CD30F03-78BA-CCF8-F637-4E2068D0F90C}.Release|Any CPU.ActiveCfg = Release|Any CPU
		{1CD30F03-78BA-CCF8-F637-4E2068D0F90C}.Release|Any CPU.Build.0 = Release|Any CPU
		{135FFC1A-1087-FAF7-64EE-CD9F03219232}.Debug|Any CPU.ActiveCfg = Debug|Any CPU
		{135FFC1A-1087-FAF7-64EE-CD9F03219232}.Debug|Any CPU.Build.0 = Debug|Any CPU
		{135FFC1A-1087-FAF7-64EE-CD9F03219232}.Release|Any CPU.ActiveCfg = Release|Any CPU
		{135FFC1A-1087-FAF7-64EE-CD9F03219232}.Release|Any CPU.Build.0 = Release|Any CPU
		{21010CC3-E9EA-8934-140B-697D086014E3}.Debug|Any CPU.ActiveCfg = Debug|Any CPU
		{21010CC3-E9EA-8934-140B-697D086014E3}.Debug|Any CPU.Build.0 = Debug|Any CPU
		{21010CC3-E9EA-8934-140B-697D086014E3}.Release|Any CPU.ActiveCfg = Release|Any CPU
		{21010CC3-E9EA-8934-140B-697D086014E3}.Release|Any CPU.Build.0 = Release|Any CPU
		{D5F49128-CD14-01BC-C2F2-F3E03A772C52}.Debug|Any CPU.ActiveCfg = Debug|Any CPU
		{D5F49128-CD14-01BC-C2F2-F3E03A772C52}.Debug|Any CPU.Build.0 = Debug|Any CPU
		{D5F49128-CD14-01BC-C2F2-F3E03A772C52}.Release|Any CPU.ActiveCfg = Release|Any CPU
		{D5F49128-CD14-01BC-C2F2-F3E03A772C52}.Release|Any CPU.Build.0 = Release|Any CPU
	EndGlobalSection
	GlobalSection(SolutionProperties) = preSolution
		HideSolutionNode = FALSE
	EndGlobalSection
	GlobalSection(NestedProjects) = preSolution
		{674D55C6-6234-4DA1-B5FF-9C5BC89679F8} = {A827F9FD-65DC-4C53-9923-1185C3E187A1}
		{42E45F7C-03E2-4F3B-9BB5-20E8F9F62B37} = {A827F9FD-65DC-4C53-9923-1185C3E187A1}
		{09282FA2-084E-4AE0-8704-932900B2689D} = {A827F9FD-65DC-4C53-9923-1185C3E187A1}
		{0916093C-F09A-462F-9C3A-573C31C19F26} = {A827F9FD-65DC-4C53-9923-1185C3E187A1}
		{96D1D4A2-5DFA-C7D0-B23F-6DE086FB2351} = {02EA681E-C7D8-13C7-8484-4AC65E1B71E8}
		{88324564-D12D-FD8B-1A87-2A8A63153929} = {02EA681E-C7D8-13C7-8484-4AC65E1B71E8}
		{33FF197F-74A6-511F-A641-905040EBE6AC} = {674D55C6-6234-4DA1-B5FF-9C5BC89679F8}
		{C8A7F096-BA13-CDF7-299F-8F4079CF4C3E} = {674D55C6-6234-4DA1-B5FF-9C5BC89679F8}
		{3AFBECF8-2187-890D-56D7-98C2CCDE90EB} = {674D55C6-6234-4DA1-B5FF-9C5BC89679F8}
		{75663FD1-53E3-9645-AA3B-582819121736} = {674D55C6-6234-4DA1-B5FF-9C5BC89679F8}
		{506D11C3-E7BB-369B-A13F-74E162196543} = {42E45F7C-03E2-4F3B-9BB5-20E8F9F62B37}
		{63C37470-166A-4F5E-CE33-6084F01BD5F0} = {42E45F7C-03E2-4F3B-9BB5-20E8F9F62B37}
		{6FE3001A-7958-7D28-1DA8-BEBC33665332} = {42E45F7C-03E2-4F3B-9BB5-20E8F9F62B37}
		{C7F110EE-553F-03D4-B651-260D6FDADD66} = {42E45F7C-03E2-4F3B-9BB5-20E8F9F62B37}
		{3871E00B-BF77-0297-BBCC-49843B2AFC90} = {09282FA2-084E-4AE0-8704-932900B2689D}
		{B5D17336-2804-1ADE-19D7-E413C0C4C6EA} = {09282FA2-084E-4AE0-8704-932900B2689D}
		{C90C2355-5D43-5628-28AC-11C30417B216} = {09282FA2-084E-4AE0-8704-932900B2689D}
		{09425FA2-8367-519B-36C2-0D1544F88A05} = {09282FA2-084E-4AE0-8704-932900B2689D}
		{1CD30F03-78BA-CCF8-F637-4E2068D0F90C} = {0916093C-F09A-462F-9C3A-573C31C19F26}
		{135FFC1A-1087-FAF7-64EE-CD9F03219232} = {0916093C-F09A-462F-9C3A-573C31C19F26}
		{21010CC3-E9EA-8934-140B-697D086014E3} = {0916093C-F09A-462F-9C3A-573C31C19F26}
		{D5F49128-CD14-01BC-C2F2-F3E03A772C52} = {0916093C-F09A-462F-9C3A-573C31C19F26}
	EndGlobalSection
	GlobalSection(ExtensibilityGlobals) = postSolution
		SolutionGuid = {77A6C01C-716B-4286-B919-B8E6EE21C448}
	EndGlobalSection
EndGlobal
